{
  "version": 4,
  "terraform_version": "1.7.4",
  "serial": 98,
  "lineage": "7457e8d6-0dce-b723-eb67-935683cdab56",
  "outputs": {},
  "resources": [
    {
      "mode": "managed",
      "type": "azurerm_resource_group",
      "name": "rg",
      "provider": "provider[\"registry.terraform.io/hashicorp/azurerm\"]",
      "instances": [
        {
          "schema_version": 0,
          "attributes": {
            "id": "/subscriptions/71655c50-0e9b-4e8f-9d89-814c8cf64f5d/resourceGroups/ddutjnrevenge-rg",
            "location": "eastasia",
            "name": "ddutjnrevenge-rg",
            "tags": {
              "Environment": "development"
            },
            "timeouts": null
          },
          "sensitive_attributes": [],
          "private": "eyJlMmJmYjczMC1lY2FhLTExZTYtOGY4OC0zNDM2M2JjN2M0YzAiOnsiY3JlYXRlIjo1NDAwMDAwMDAwMDAwLCJkZWxldGUiOjU0MDAwMDAwMDAwMDAsInJlYWQiOjMwMDAwMDAwMDAwMCwidXBkYXRlIjo1NDAwMDAwMDAwMDAwfX0="
        }
      ]
    },
    {
      "module": "module.data_factory",
      "mode": "data",
      "type": "azurerm_storage_account",
      "name": "destination_folder_storage",
      "provider": "provider[\"registry.terraform.io/hashicorp/azurerm\"]",
      "instances": [
        {
          "schema_version": 0,
          "attributes": {
            "access_tier": "Hot",
            "account_kind": "StorageV2",
            "account_replication_type": "LRS",
            "account_tier": "Standard",
            "allow_blob_public_access": true,
            "custom_domain": null,
            "enable_https_traffic_only": true,
            "id": "/subscriptions/71655c50-0e9b-4e8f-9d89-814c8cf64f5d/resourceGroups/ddutjnrevenge-rg/providers/Microsoft.Storage/storageAccounts/ddutjnrevengesa",
            "infrastructure_encryption_enabled": false,
            "is_hns_enabled": false,
            "location": "eastasia",
            "min_tls_version": "TLS1_2",
            "name": "ddutjnrevengesa",
            "primary_access_key": "laK/VSGkq/WQp8nPO5xCKQZYCDivKvFZe++N/5vRYveDJaUYY6NJBPaitF15GX59uqYe28zMS8u6+AStGXQ1iw==",
            "primary_blob_connection_string": "DefaultEndpointsProtocol=https;BlobEndpoint=https://ddutjnrevengesa.blob.core.windows.net/;AccountName=ddutjnrevengesa;AccountKey=laK/VSGkq/WQp8nPO5xCKQZYCDivKvFZe++N/5vRYveDJaUYY6NJBPaitF15GX59uqYe28zMS8u6+AStGXQ1iw==",
            "primary_blob_endpoint": "https://ddutjnrevengesa.blob.core.windows.net/",
            "primary_blob_host": "ddutjnrevengesa.blob.core.windows.net",
            "primary_connection_string": "DefaultEndpointsProtocol=https;AccountName=ddutjnrevengesa;AccountKey=laK/VSGkq/WQp8nPO5xCKQZYCDivKvFZe++N/5vRYveDJaUYY6NJBPaitF15GX59uqYe28zMS8u6+AStGXQ1iw==;EndpointSuffix=core.windows.net",
            "primary_dfs_endpoint": "https://ddutjnrevengesa.dfs.core.windows.net/",
            "primary_dfs_host": "ddutjnrevengesa.dfs.core.windows.net",
            "primary_file_endpoint": "https://ddutjnrevengesa.file.core.windows.net/",
            "primary_file_host": "ddutjnrevengesa.file.core.windows.net",
            "primary_location": "eastasia",
            "primary_queue_endpoint": "https://ddutjnrevengesa.queue.core.windows.net/",
            "primary_queue_host": "ddutjnrevengesa.queue.core.windows.net",
            "primary_table_endpoint": "https://ddutjnrevengesa.table.core.windows.net/",
            "primary_table_host": "ddutjnrevengesa.table.core.windows.net",
            "primary_web_endpoint": "https://ddutjnrevengesa.z7.web.core.windows.net/",
            "primary_web_host": "ddutjnrevengesa.z7.web.core.windows.net",
            "queue_encryption_key_type": "Service",
            "resource_group_name": "ddutjnrevenge-rg",
            "secondary_access_key": "lOD97icWFS967IS3UM+ET2U8exIbVQ7+rN7Kgd8NzWOEJcHQ5K+3sLe1uN3wyngT4YWln2LF4fe++AStYZHUPQ==",
            "secondary_blob_connection_string": "",
            "secondary_blob_endpoint": null,
            "secondary_blob_host": null,
            "secondary_connection_string": "DefaultEndpointsProtocol=https;AccountName=ddutjnrevengesa;AccountKey=lOD97icWFS967IS3UM+ET2U8exIbVQ7+rN7Kgd8NzWOEJcHQ5K+3sLe1uN3wyngT4YWln2LF4fe++AStYZHUPQ==;EndpointSuffix=core.windows.net",
            "secondary_dfs_endpoint": null,
            "secondary_dfs_host": null,
            "secondary_file_endpoint": null,
            "secondary_file_host": null,
            "secondary_location": "",
            "secondary_queue_endpoint": null,
            "secondary_queue_host": null,
            "secondary_table_endpoint": null,
            "secondary_table_host": null,
            "secondary_web_endpoint": null,
            "secondary_web_host": null,
            "table_encryption_key_type": "Service",
            "tags": {
              "environment": "development"
            },
            "timeouts": null
          },
          "sensitive_attributes": []
        }
      ]
    },
    {
      "module": "module.data_factory",
      "mode": "data",
      "type": "azurerm_storage_account",
      "name": "source_folder_storage",
      "provider": "provider[\"registry.terraform.io/hashicorp/azurerm\"]",
      "instances": [
        {
          "schema_version": 0,
          "attributes": {
            "access_tier": "Hot",
            "account_kind": "StorageV2",
            "account_replication_type": "LRS",
            "account_tier": "Standard",
            "allow_blob_public_access": true,
            "custom_domain": null,
            "enable_https_traffic_only": true,
            "id": "/subscriptions/71655c50-0e9b-4e8f-9d89-814c8cf64f5d/resourceGroups/ddutjnrevenge-rg/providers/Microsoft.Storage/storageAccounts/ddutjnrevengesa",
            "infrastructure_encryption_enabled": false,
            "is_hns_enabled": false,
            "location": "eastasia",
            "min_tls_version": "TLS1_2",
            "name": "ddutjnrevengesa",
            "primary_access_key": "laK/VSGkq/WQp8nPO5xCKQZYCDivKvFZe++N/5vRYveDJaUYY6NJBPaitF15GX59uqYe28zMS8u6+AStGXQ1iw==",
            "primary_blob_connection_string": "DefaultEndpointsProtocol=https;BlobEndpoint=https://ddutjnrevengesa.blob.core.windows.net/;AccountName=ddutjnrevengesa;AccountKey=laK/VSGkq/WQp8nPO5xCKQZYCDivKvFZe++N/5vRYveDJaUYY6NJBPaitF15GX59uqYe28zMS8u6+AStGXQ1iw==",
            "primary_blob_endpoint": "https://ddutjnrevengesa.blob.core.windows.net/",
            "primary_blob_host": "ddutjnrevengesa.blob.core.windows.net",
            "primary_connection_string": "DefaultEndpointsProtocol=https;AccountName=ddutjnrevengesa;AccountKey=laK/VSGkq/WQp8nPO5xCKQZYCDivKvFZe++N/5vRYveDJaUYY6NJBPaitF15GX59uqYe28zMS8u6+AStGXQ1iw==;EndpointSuffix=core.windows.net",
            "primary_dfs_endpoint": "https://ddutjnrevengesa.dfs.core.windows.net/",
            "primary_dfs_host": "ddutjnrevengesa.dfs.core.windows.net",
            "primary_file_endpoint": "https://ddutjnrevengesa.file.core.windows.net/",
            "primary_file_host": "ddutjnrevengesa.file.core.windows.net",
            "primary_location": "eastasia",
            "primary_queue_endpoint": "https://ddutjnrevengesa.queue.core.windows.net/",
            "primary_queue_host": "ddutjnrevengesa.queue.core.windows.net",
            "primary_table_endpoint": "https://ddutjnrevengesa.table.core.windows.net/",
            "primary_table_host": "ddutjnrevengesa.table.core.windows.net",
            "primary_web_endpoint": "https://ddutjnrevengesa.z7.web.core.windows.net/",
            "primary_web_host": "ddutjnrevengesa.z7.web.core.windows.net",
            "queue_encryption_key_type": "Service",
            "resource_group_name": "ddutjnrevenge-rg",
            "secondary_access_key": "lOD97icWFS967IS3UM+ET2U8exIbVQ7+rN7Kgd8NzWOEJcHQ5K+3sLe1uN3wyngT4YWln2LF4fe++AStYZHUPQ==",
            "secondary_blob_connection_string": "",
            "secondary_blob_endpoint": null,
            "secondary_blob_host": null,
            "secondary_connection_string": "DefaultEndpointsProtocol=https;AccountName=ddutjnrevengesa;AccountKey=lOD97icWFS967IS3UM+ET2U8exIbVQ7+rN7Kgd8NzWOEJcHQ5K+3sLe1uN3wyngT4YWln2LF4fe++AStYZHUPQ==;EndpointSuffix=core.windows.net",
            "secondary_dfs_endpoint": null,
            "secondary_dfs_host": null,
            "secondary_file_endpoint": null,
            "secondary_file_host": null,
            "secondary_location": "",
            "secondary_queue_endpoint": null,
            "secondary_queue_host": null,
            "secondary_table_endpoint": null,
            "secondary_table_host": null,
            "secondary_web_endpoint": null,
            "secondary_web_host": null,
            "table_encryption_key_type": "Service",
            "tags": {
              "environment": "development"
            },
            "timeouts": null
          },
          "sensitive_attributes": []
        }
      ]
    },
    {
      "module": "module.data_factory",
      "mode": "managed",
      "type": "azurerm_data_factory",
      "name": "adf",
      "provider": "provider[\"registry.terraform.io/hashicorp/azurerm\"]",
      "instances": [
        {
          "schema_version": 2,
          "attributes": {
            "customer_managed_key_id": "",
            "customer_managed_key_identity_id": "",
            "github_configuration": [],
            "global_parameter": [],
            "id": "/subscriptions/71655c50-0e9b-4e8f-9d89-814c8cf64f5d/resourceGroups/ddutjnrevenge-rg/providers/Microsoft.DataFactory/factories/ddutjnrevenge-adf",
            "identity": [
              {
                "identity_ids": null,
                "principal_id": "6fc26cd6-68e7-469a-b9f3-b6a4dee124bb",
                "tenant_id": "40ef24b1-83ba-49e9-b26a-c6b8d12a1a22",
                "type": "SystemAssigned"
              }
            ],
            "location": "eastasia",
            "managed_virtual_network_enabled": false,
            "name": "ddutjnrevenge-adf",
            "public_network_enabled": true,
            "resource_group_name": "ddutjnrevenge-rg",
            "tags": null,
            "timeouts": null,
            "vsts_configuration": []
          },
          "sensitive_attributes": [],
          "private": "eyJlMmJmYjczMC1lY2FhLTExZTYtOGY4OC0zNDM2M2JjN2M0YzAiOnsiY3JlYXRlIjoxODAwMDAwMDAwMDAwLCJkZWxldGUiOjE4MDAwMDAwMDAwMDAsInJlYWQiOjMwMDAwMDAwMDAwMCwidXBkYXRlIjoxODAwMDAwMDAwMDAwfSwic2NoZW1hX3ZlcnNpb24iOiIyIn0=",
          "dependencies": [
            "azurerm_resource_group.rg",
            "module.storage_account.azurerm_storage_account.storage",
            "module.storage_account.azurerm_storage_blob.create_test_file",
            "module.storage_account.azurerm_storage_container.create_container"
          ]
        }
      ]
    },
    {
      "module": "module.data_factory",
      "mode": "managed",
      "type": "azurerm_data_factory_dataset_binary",
      "name": "destination_dataset",
      "provider": "provider[\"registry.terraform.io/hashicorp/azurerm\"]",
      "instances": [
        {
          "schema_version": 0,
          "attributes": {
            "additional_properties": null,
            "annotations": null,
            "azure_blob_storage_location": [],
            "compression": [],
            "data_factory_id": "/subscriptions/71655c50-0e9b-4e8f-9d89-814c8cf64f5d/resourceGroups/ddutjnrevenge-rg/providers/Microsoft.DataFactory/factories/ddutjnrevenge-adf",
            "description": "",
            "folder": null,
            "http_server_location": [],
            "id": "/subscriptions/71655c50-0e9b-4e8f-9d89-814c8cf64f5d/resourceGroups/ddutjnrevenge-rg/providers/Microsoft.DataFactory/factories/ddutjnrevenge-adf/datasets/destination_dataset",
            "linked_service_name": "destination-storage",
            "name": "destination_dataset",
            "parameters": null,
            "sftp_server_location": [
              {
                "dynamic_filename_enabled": false,
                "dynamic_path_enabled": false,
                "filename": "test-2024-02-27-09-22-42.txt",
                "path": "destination"
              }
            ],
            "timeouts": null
          },
          "sensitive_attributes": [],
          "private": "eyJlMmJmYjczMC1lY2FhLTExZTYtOGY4OC0zNDM2M2JjN2M0YzAiOnsiY3JlYXRlIjoxODAwMDAwMDAwMDAwLCJkZWxldGUiOjE4MDAwMDAwMDAwMDAsInJlYWQiOjMwMDAwMDAwMDAwMCwidXBkYXRlIjoxODAwMDAwMDAwMDAwfX0=",
          "dependencies": [
            "azurerm_resource_group.rg",
            "module.data_factory.azurerm_data_factory.adf",
            "module.data_factory.azurerm_data_factory_linked_service_azure_blob_storage.destination",
            "module.data_factory.data.azurerm_storage_account.destination_folder_storage",
            "module.storage_account.azurerm_storage_account.storage",
            "module.storage_account.azurerm_storage_blob.create_test_file",
            "module.storage_account.azurerm_storage_container.create_container"
          ]
        }
      ]
    },
    {
      "module": "module.data_factory",
      "mode": "managed",
      "type": "azurerm_data_factory_dataset_binary",
      "name": "source_dataset",
      "provider": "provider[\"registry.terraform.io/hashicorp/azurerm\"]",
      "instances": [
        {
          "schema_version": 0,
          "attributes": {
            "additional_properties": null,
            "annotations": null,
            "azure_blob_storage_location": [],
            "compression": [],
            "data_factory_id": "/subscriptions/71655c50-0e9b-4e8f-9d89-814c8cf64f5d/resourceGroups/ddutjnrevenge-rg/providers/Microsoft.DataFactory/factories/ddutjnrevenge-adf",
            "description": "",
            "folder": null,
            "http_server_location": [],
            "id": "/subscriptions/71655c50-0e9b-4e8f-9d89-814c8cf64f5d/resourceGroups/ddutjnrevenge-rg/providers/Microsoft.DataFactory/factories/ddutjnrevenge-adf/datasets/source_dataset",
            "linked_service_name": "source-storage",
            "name": "source_dataset",
            "parameters": null,
            "sftp_server_location": [
              {
                "dynamic_filename_enabled": false,
                "dynamic_path_enabled": false,
                "filename": "test.txt",
                "path": "source"
              }
            ],
            "timeouts": null
          },
          "sensitive_attributes": [],
          "private": "eyJlMmJmYjczMC1lY2FhLTExZTYtOGY4OC0zNDM2M2JjN2M0YzAiOnsiY3JlYXRlIjoxODAwMDAwMDAwMDAwLCJkZWxldGUiOjE4MDAwMDAwMDAwMDAsInJlYWQiOjMwMDAwMDAwMDAwMCwidXBkYXRlIjoxODAwMDAwMDAwMDAwfX0=",
          "dependencies": [
            "azurerm_resource_group.rg",
            "module.data_factory.azurerm_data_factory.adf",
            "module.data_factory.azurerm_data_factory_linked_service_azure_blob_storage.source",
            "module.data_factory.data.azurerm_storage_account.source_folder_storage",
            "module.storage_account.azurerm_storage_account.storage",
            "module.storage_account.azurerm_storage_blob.create_test_file",
            "module.storage_account.azurerm_storage_container.create_container"
          ]
        }
      ]
    },
    {
      "module": "module.data_factory",
      "mode": "managed",
      "type": "azurerm_data_factory_linked_service_azure_blob_storage",
      "name": "destination",
      "provider": "provider[\"registry.terraform.io/hashicorp/azurerm\"]",
      "instances": [
        {
          "schema_version": 0,
          "attributes": {
            "additional_properties": null,
            "annotations": null,
            "connection_string": "DefaultEndpointsProtocol=https;AccountName=ddutjnrevengesa;AccountKey=laK/VSGkq/WQp8nPO5xCKQZYCDivKvFZe++N/5vRYveDJaUYY6NJBPaitF15GX59uqYe28zMS8u6+AStGXQ1iw==;EndpointSuffix=core.windows.net",
            "data_factory_id": "/subscriptions/71655c50-0e9b-4e8f-9d89-814c8cf64f5d/resourceGroups/ddutjnrevenge-rg/providers/Microsoft.DataFactory/factories/ddutjnrevenge-adf",
            "description": "",
            "id": "/subscriptions/71655c50-0e9b-4e8f-9d89-814c8cf64f5d/resourceGroups/ddutjnrevenge-rg/providers/Microsoft.DataFactory/factories/ddutjnrevenge-adf/linkedservices/destination-storage",
            "integration_runtime_name": null,
            "key_vault_sas_token": [],
            "name": "destination-storage",
            "parameters": null,
            "sas_uri": null,
            "service_endpoint": null,
            "service_principal_id": "",
            "service_principal_key": null,
            "tenant_id": "",
            "timeouts": null,
            "use_managed_identity": false
          },
          "sensitive_attributes": [
            [
              {
                "type": "get_attr",
                "value": "connection_string"
              }
            ]
          ],
          "private": "eyJlMmJmYjczMC1lY2FhLTExZTYtOGY4OC0zNDM2M2JjN2M0YzAiOnsiY3JlYXRlIjoxODAwMDAwMDAwMDAwLCJkZWxldGUiOjE4MDAwMDAwMDAwMDAsInJlYWQiOjMwMDAwMDAwMDAwMCwidXBkYXRlIjoxODAwMDAwMDAwMDAwfX0=",
          "dependencies": [
            "azurerm_resource_group.rg",
            "module.data_factory.azurerm_data_factory.adf",
            "module.data_factory.data.azurerm_storage_account.destination_folder_storage",
            "module.storage_account.azurerm_storage_account.storage",
            "module.storage_account.azurerm_storage_blob.create_test_file",
            "module.storage_account.azurerm_storage_container.create_container"
          ]
        }
      ]
    },
    {
      "module": "module.data_factory",
      "mode": "managed",
      "type": "azurerm_data_factory_linked_service_azure_blob_storage",
      "name": "source",
      "provider": "provider[\"registry.terraform.io/hashicorp/azurerm\"]",
      "instances": [
        {
          "schema_version": 0,
          "attributes": {
            "additional_properties": null,
            "annotations": null,
            "connection_string": "DefaultEndpointsProtocol=https;AccountName=ddutjnrevengesa;AccountKey=laK/VSGkq/WQp8nPO5xCKQZYCDivKvFZe++N/5vRYveDJaUYY6NJBPaitF15GX59uqYe28zMS8u6+AStGXQ1iw==;EndpointSuffix=core.windows.net",
            "data_factory_id": "/subscriptions/71655c50-0e9b-4e8f-9d89-814c8cf64f5d/resourceGroups/ddutjnrevenge-rg/providers/Microsoft.DataFactory/factories/ddutjnrevenge-adf",
            "description": "",
            "id": "/subscriptions/71655c50-0e9b-4e8f-9d89-814c8cf64f5d/resourceGroups/ddutjnrevenge-rg/providers/Microsoft.DataFactory/factories/ddutjnrevenge-adf/linkedservices/source-storage",
            "integration_runtime_name": null,
            "key_vault_sas_token": [],
            "name": "source-storage",
            "parameters": null,
            "sas_uri": null,
            "service_endpoint": null,
            "service_principal_id": "",
            "service_principal_key": null,
            "tenant_id": "",
            "timeouts": null,
            "use_managed_identity": false
          },
          "sensitive_attributes": [
            [
              {
                "type": "get_attr",
                "value": "connection_string"
              }
            ]
          ],
          "private": "eyJlMmJmYjczMC1lY2FhLTExZTYtOGY4OC0zNDM2M2JjN2M0YzAiOnsiY3JlYXRlIjoxODAwMDAwMDAwMDAwLCJkZWxldGUiOjE4MDAwMDAwMDAwMDAsInJlYWQiOjMwMDAwMDAwMDAwMCwidXBkYXRlIjoxODAwMDAwMDAwMDAwfX0=",
          "dependencies": [
            "azurerm_resource_group.rg",
            "module.data_factory.azurerm_data_factory.adf",
            "module.data_factory.data.azurerm_storage_account.source_folder_storage",
            "module.storage_account.azurerm_storage_account.storage",
            "module.storage_account.azurerm_storage_blob.create_test_file",
            "module.storage_account.azurerm_storage_container.create_container"
          ]
        }
      ]
    },
    {
      "module": "module.data_factory",
      "mode": "managed",
      "type": "azurerm_data_factory_pipeline",
      "name": "copy_data",
      "provider": "provider[\"registry.terraform.io/hashicorp/azurerm\"]",
      "instances": [
        {
          "schema_version": 0,
          "attributes": {
            "activities_json": "[{\"external\":true,\"inputs\":[{\"referenceName\":\"source_dataset\",\"type\":\"DatasetReference\"}],\"name\":\"CopyFromSourceToDestination\",\"outputs\":[{\"referenceName\":\"destination_dataset\",\"type\":\"DatasetReference\"}],\"policy\":{\"retry\":0,\"retryIntervalInSeconds\":30,\"secureInput\":false,\"secureOutput\":false,\"timeout\":\"7.00:00:00\"},\"scheduler\":{\"frequency\":\"Day\",\"interval\":1},\"type\":\"Copy\",\"typeProperties\":{\"source\":{\"recursive\":true,\"storeSettings\":null,\"type\":\"BinarySource\"},\"sink\":{\"storeSettings\":null,\"type\":\"BinarySink\"},\"enableStaging\":false}}]",
            "annotations": null,
            "concurrency": 0,
            "data_factory_id": "/subscriptions/71655c50-0e9b-4e8f-9d89-814c8cf64f5d/resourceGroups/ddutjnrevenge-rg/providers/Microsoft.DataFactory/factories/ddutjnrevenge-adf",
            "description": "",
            "folder": null,
            "id": "/subscriptions/71655c50-0e9b-4e8f-9d89-814c8cf64f5d/resourceGroups/ddutjnrevenge-rg/providers/Microsoft.DataFactory/factories/ddutjnrevenge-adf/pipelines/copy_data_pipeline",
            "moniter_metrics_after_duration": "",
            "name": "copy_data_pipeline",
            "parameters": null,
            "timeouts": null,
            "variables": null
          },
          "sensitive_attributes": [],
          "private": "eyJlMmJmYjczMC1lY2FhLTExZTYtOGY4OC0zNDM2M2JjN2M0YzAiOnsiY3JlYXRlIjoxODAwMDAwMDAwMDAwLCJkZWxldGUiOjE4MDAwMDAwMDAwMDAsInJlYWQiOjMwMDAwMDAwMDAwMCwidXBkYXRlIjoxODAwMDAwMDAwMDAwfX0=",
          "dependencies": [
            "azurerm_resource_group.rg",
            "module.data_factory.azurerm_data_factory.adf",
            "module.data_factory.azurerm_data_factory_dataset_binary.destination_dataset",
            "module.data_factory.azurerm_data_factory_dataset_binary.source_dataset",
            "module.data_factory.azurerm_data_factory_linked_service_azure_blob_storage.destination",
            "module.data_factory.azurerm_data_factory_linked_service_azure_blob_storage.source",
            "module.data_factory.data.azurerm_storage_account.destination_folder_storage",
            "module.data_factory.data.azurerm_storage_account.source_folder_storage",
            "module.storage_account.azurerm_storage_account.storage",
            "module.storage_account.azurerm_storage_blob.create_test_file",
            "module.storage_account.azurerm_storage_container.create_container"
          ]
        }
      ]
    },
    {
      "module": "module.storage_account",
      "mode": "managed",
      "type": "azurerm_storage_account",
      "name": "storage",
      "provider": "provider[\"registry.terraform.io/hashicorp/azurerm\"]",
      "instances": [
        {
          "schema_version": 3,
          "attributes": {
            "access_tier": "Hot",
            "account_kind": "StorageV2",
            "account_replication_type": "LRS",
            "account_tier": "Standard",
            "allow_nested_items_to_be_public": true,
            "azure_files_authentication": [],
            "blob_properties": [
              {
                "change_feed_enabled": false,
                "container_delete_retention_policy": [],
                "cors_rule": [],
                "default_service_version": "",
                "delete_retention_policy": [],
                "last_access_time_enabled": false,
                "versioning_enabled": false
              }
            ],
            "custom_domain": [],
            "customer_managed_key": [],
            "edge_zone": "",
            "enable_https_traffic_only": true,
            "id": "/subscriptions/71655c50-0e9b-4e8f-9d89-814c8cf64f5d/resourceGroups/ddutjnrevenge-rg/providers/Microsoft.Storage/storageAccounts/ddutjnrevengesa",
            "identity": [],
            "infrastructure_encryption_enabled": false,
            "is_hns_enabled": false,
            "large_file_share_enabled": null,
            "location": "eastasia",
            "min_tls_version": "TLS1_2",
            "name": "ddutjnrevengesa",
            "network_rules": [
              {
                "bypass": [
                  "AzureServices"
                ],
                "default_action": "Allow",
                "ip_rules": [],
                "private_link_access": [],
                "virtual_network_subnet_ids": []
              }
            ],
            "nfsv3_enabled": false,
            "primary_access_key": "laK/VSGkq/WQp8nPO5xCKQZYCDivKvFZe++N/5vRYveDJaUYY6NJBPaitF15GX59uqYe28zMS8u6+AStGXQ1iw==",
            "primary_blob_connection_string": "DefaultEndpointsProtocol=https;BlobEndpoint=https://ddutjnrevengesa.blob.core.windows.net/;AccountName=ddutjnrevengesa;AccountKey=laK/VSGkq/WQp8nPO5xCKQZYCDivKvFZe++N/5vRYveDJaUYY6NJBPaitF15GX59uqYe28zMS8u6+AStGXQ1iw==",
            "primary_blob_endpoint": "https://ddutjnrevengesa.blob.core.windows.net/",
            "primary_blob_host": "ddutjnrevengesa.blob.core.windows.net",
            "primary_connection_string": "DefaultEndpointsProtocol=https;AccountName=ddutjnrevengesa;AccountKey=laK/VSGkq/WQp8nPO5xCKQZYCDivKvFZe++N/5vRYveDJaUYY6NJBPaitF15GX59uqYe28zMS8u6+AStGXQ1iw==;EndpointSuffix=core.windows.net",
            "primary_dfs_endpoint": "https://ddutjnrevengesa.dfs.core.windows.net/",
            "primary_dfs_host": "ddutjnrevengesa.dfs.core.windows.net",
            "primary_file_endpoint": "https://ddutjnrevengesa.file.core.windows.net/",
            "primary_file_host": "ddutjnrevengesa.file.core.windows.net",
            "primary_location": "eastasia",
            "primary_queue_endpoint": "https://ddutjnrevengesa.queue.core.windows.net/",
            "primary_queue_host": "ddutjnrevengesa.queue.core.windows.net",
            "primary_table_endpoint": "https://ddutjnrevengesa.table.core.windows.net/",
            "primary_table_host": "ddutjnrevengesa.table.core.windows.net",
            "primary_web_endpoint": "https://ddutjnrevengesa.z7.web.core.windows.net/",
            "primary_web_host": "ddutjnrevengesa.z7.web.core.windows.net",
            "queue_encryption_key_type": "Service",
            "queue_properties": [
              {
                "cors_rule": [],
                "hour_metrics": [
                  {
                    "enabled": true,
                    "include_apis": true,
                    "retention_policy_days": 7,
                    "version": "1.0"
                  }
                ],
                "logging": [
                  {
                    "delete": false,
                    "read": false,
                    "retention_policy_days": 0,
                    "version": "1.0",
                    "write": false
                  }
                ],
                "minute_metrics": [
                  {
                    "enabled": false,
                    "include_apis": false,
                    "retention_policy_days": 0,
                    "version": "1.0"
                  }
                ]
              }
            ],
            "resource_group_name": "ddutjnrevenge-rg",
            "routing": [],
            "secondary_access_key": "lOD97icWFS967IS3UM+ET2U8exIbVQ7+rN7Kgd8NzWOEJcHQ5K+3sLe1uN3wyngT4YWln2LF4fe++AStYZHUPQ==",
            "secondary_blob_connection_string": "",
            "secondary_blob_endpoint": null,
            "secondary_blob_host": null,
            "secondary_connection_string": "DefaultEndpointsProtocol=https;AccountName=ddutjnrevengesa;AccountKey=lOD97icWFS967IS3UM+ET2U8exIbVQ7+rN7Kgd8NzWOEJcHQ5K+3sLe1uN3wyngT4YWln2LF4fe++AStYZHUPQ==;EndpointSuffix=core.windows.net",
            "secondary_dfs_endpoint": null,
            "secondary_dfs_host": null,
            "secondary_file_endpoint": null,
            "secondary_file_host": null,
            "secondary_location": "",
            "secondary_queue_endpoint": null,
            "secondary_queue_host": null,
            "secondary_table_endpoint": null,
            "secondary_table_host": null,
            "secondary_web_endpoint": null,
            "secondary_web_host": null,
            "share_properties": [
              {
                "cors_rule": [],
                "retention_policy": [
                  {
                    "days": 7
                  }
                ],
                "smb": []
              }
            ],
            "shared_access_key_enabled": true,
            "static_website": [],
            "table_encryption_key_type": "Service",
            "tags": {
              "environment": "development"
            },
            "timeouts": null
          },
          "sensitive_attributes": [],
          "private": "eyJlMmJmYjczMC1lY2FhLTExZTYtOGY4OC0zNDM2M2JjN2M0YzAiOnsiY3JlYXRlIjozNjAwMDAwMDAwMDAwLCJkZWxldGUiOjM2MDAwMDAwMDAwMDAsInJlYWQiOjMwMDAwMDAwMDAwMCwidXBkYXRlIjozNjAwMDAwMDAwMDAwfSwic2NoZW1hX3ZlcnNpb24iOiIzIn0=",
          "dependencies": [
            "azurerm_resource_group.rg"
          ]
        }
      ]
    },
    {
      "module": "module.storage_account",
      "mode": "managed",
      "type": "azurerm_storage_blob",
      "name": "create_test_file",
      "provider": "provider[\"registry.terraform.io/hashicorp/azurerm\"]",
      "instances": [
        {
          "schema_version": 1,
          "attributes": {
            "access_tier": "Hot",
            "cache_control": "",
            "content_md5": "",
            "content_type": "application/octet-stream",
            "id": "https://ddutjnrevengesa.blob.core.windows.net/source/test.txt",
            "metadata": {},
            "name": "test.txt",
            "parallelism": 8,
            "size": 0,
            "source": null,
            "source_content": "Hello Community!",
            "source_uri": null,
            "storage_account_name": "ddutjnrevengesa",
            "storage_container_name": "source",
            "timeouts": null,
            "type": "Block",
            "url": "https://ddutjnrevengesa.blob.core.windows.net/source/test.txt"
          },
          "sensitive_attributes": [],
          "private": "eyJlMmJmYjczMC1lY2FhLTExZTYtOGY4OC0zNDM2M2JjN2M0YzAiOnsiY3JlYXRlIjoxODAwMDAwMDAwMDAwLCJkZWxldGUiOjE4MDAwMDAwMDAwMDAsInJlYWQiOjMwMDAwMDAwMDAwMCwidXBkYXRlIjoxODAwMDAwMDAwMDAwfSwic2NoZW1hX3ZlcnNpb24iOiIxIn0=",
          "dependencies": [
            "azurerm_resource_group.rg",
            "module.storage_account.azurerm_storage_account.storage",
            "module.storage_account.azurerm_storage_container.create_container"
          ]
        }
      ]
    },
    {
      "module": "module.storage_account",
      "mode": "managed",
      "type": "azurerm_storage_container",
      "name": "create_container",
      "provider": "provider[\"registry.terraform.io/hashicorp/azurerm\"]",
      "instances": [
        {
          "index_key": "destination",
          "schema_version": 1,
          "attributes": {
            "container_access_type": "private",
            "has_immutability_policy": false,
            "has_legal_hold": false,
            "id": "https://ddutjnrevengesa.blob.core.windows.net/destination",
            "metadata": {},
            "name": "destination",
            "resource_manager_id": "/subscriptions/71655c50-0e9b-4e8f-9d89-814c8cf64f5d/resourceGroups/ddutjnrevenge-rg/providers/Microsoft.Storage/storageAccounts/ddutjnrevengesa/blobServices/default/containers/destination",
            "storage_account_name": "ddutjnrevengesa",
            "timeouts": null
          },
          "sensitive_attributes": [],
          "private": "eyJlMmJmYjczMC1lY2FhLTExZTYtOGY4OC0zNDM2M2JjN2M0YzAiOnsiY3JlYXRlIjoxODAwMDAwMDAwMDAwLCJkZWxldGUiOjE4MDAwMDAwMDAwMDAsInJlYWQiOjMwMDAwMDAwMDAwMCwidXBkYXRlIjoxODAwMDAwMDAwMDAwfSwic2NoZW1hX3ZlcnNpb24iOiIxIn0=",
          "dependencies": [
            "azurerm_resource_group.rg",
            "module.storage_account.azurerm_storage_account.storage"
          ]
        },
        {
          "index_key": "source",
          "schema_version": 1,
          "attributes": {
            "container_access_type": "private",
            "has_immutability_policy": false,
            "has_legal_hold": false,
            "id": "https://ddutjnrevengesa.blob.core.windows.net/source",
            "metadata": {},
            "name": "source",
            "resource_manager_id": "/subscriptions/71655c50-0e9b-4e8f-9d89-814c8cf64f5d/resourceGroups/ddutjnrevenge-rg/providers/Microsoft.Storage/storageAccounts/ddutjnrevengesa/blobServices/default/containers/source",
            "storage_account_name": "ddutjnrevengesa",
            "timeouts": null
          },
          "sensitive_attributes": [],
          "private": "eyJlMmJmYjczMC1lY2FhLTExZTYtOGY4OC0zNDM2M2JjN2M0YzAiOnsiY3JlYXRlIjoxODAwMDAwMDAwMDAwLCJkZWxldGUiOjE4MDAwMDAwMDAwMDAsInJlYWQiOjMwMDAwMDAwMDAwMCwidXBkYXRlIjoxODAwMDAwMDAwMDAwfSwic2NoZW1hX3ZlcnNpb24iOiIxIn0=",
          "dependencies": [
            "azurerm_resource_group.rg",
            "module.storage_account.azurerm_storage_account.storage"
          ]
        }
      ]
    }
  ],
  "check_results": null
}
